
Microsoft Visual Studio Solution File, Format Version 12.00
# Visual Studio Version 16
VisualStudioVersion = 16.0.29102.190
MinimumVisualStudioVersion = 10.0.40219.1
Project("{9092AA53-FB77-4645-B42D-1CCCA6BD08BD}") = "Burn.MediaServer", "src\Burn.MediaServer\Burn.MediaServer.njsproj", "{008CBEB9-6C27-4A79-BF6D-A3DA6BA646A2}"
EndProject
Project("{FAE04EC0-301F-11D3-BF4B-00C04F79EFBC}") = "Burn.RtmpPush.Wpf", "src\Burn.RtmpPush.Wpf\Burn.RtmpPush.Wpf.csproj", "{75C8E769-F48E-41F4-93D7-07AD380A02F9}"
EndProject
Project("{FAE04EC0-301F-11D3-BF4B-00C04F79EFBC}") = "Burn.ONVIF", "src\Burn.ONVIF\Burn.ONVIF.csproj", "{1AA4FA7E-30A2-4FA0-B0D8-287CF18C289A}"
EndProject
Global
	GlobalSection(SolutionConfigurationPlatforms) = preSolution
		Debug|Any CPU = Debug|Any CPU
		Release|Any CPU = Release|Any CPU
	EndGlobalSection
	GlobalSection(ProjectConfigurationPlatforms) = postSolution
		{008CBEB9-6C27-4A79-BF6D-A3DA6BA646A2}.Debug|Any CPU.ActiveCfg = Debug|Any CPU
		{008CBEB9-6C27-4A79-BF6D-A3DA6BA646A2}.Debug|Any CPU.Build.0 = Debug|Any CPU
		{008CBEB9-6C27-4A79-BF6D-A3DA6BA646A2}.Release|Any CPU.ActiveCfg = Release|Any CPU
		{008CBEB9-6C27-4A79-BF6D-A3DA6BA646A2}.Release|Any CPU.Build.0 = Release|Any CPU
		{75C8E769-F48E-41F4-93D7-07AD380A02F9}.Debug|Any CPU.ActiveCfg = Debug|Any CPU
		{75C8E769-F48E-41F4-93D7-07AD380A02F9}.Debug|Any CPU.Build.0 = Debug|Any CPU
		{75C8E769-F48E-41F4-93D7-07AD380A02F9}.Release|Any CPU.ActiveCfg = Release|Any CPU
		{75C8E769-F48E-41F4-93D7-07AD380A02F9}.Release|Any CPU.Build.0 = Release|Any CPU
		{1AA4FA7E-30A2-4FA0-B0D8-287CF18C289A}.Debug|Any CPU.ActiveCfg = Debug|Any CPU
		{1AA4FA7E-30A2-4FA0-B0D8-287CF18C289A}.Debug|Any CPU.Build.0 = Debug|Any CPU
		{1AA4FA7E-30A2-4FA0-B0D8-287CF18C289A}.Release|Any CPU.ActiveCfg = Release|Any CPU
		{1AA4FA7E-30A2-4FA0-B0D8-287CF18C289A}.Release|Any CPU.Build.0 = Release|Any CPU
	EndGlobalSection
	GlobalSection(SolutionProperties) = preSolution
		HideSolutionNode = FALSE
	EndGlobalSection
	GlobalSection(ExtensibilityGlobals) = postSolution
		SolutionGuid = {F50724A3-68B2-4FFB-819A-F5C51BA3D62F}
	EndGlobalSection
EndGlobal
